
Microsoft Visual Studio Solution File, Format Version 12.00
# Visual Studio Version 17
VisualStudioVersion = 17.3.32825.248
MinimumVisualStudioVersion = 10.0.40219.1
Project("{FAE04EC0-301F-11D3-BF4B-00C04F79EFBC}") = "ui-task-10-p-20-1-Pavlov", "ui-task-10-p-20-1-Pavlov\ui-task-10-p-20-1-Pavlov.csproj", "{3A50BDE8-A5F6-46F3-B3C4-F94C28E6093F}"
EndProject
Global
	GlobalSection(SolutionConfigurationPlatforms) = preSolution
		Debug|Any CPU = Debug|Any CPU
		Release|Any CPU = Release|Any CPU
	EndGlobalSection
	GlobalSection(ProjectConfigurationPlatforms) = postSolution
		{3A50BDE8-A5F6-46F3-B3C4-F94C28E6093F}.Debug|Any CPU.ActiveCfg = Debug|Any CPU
		{3A50BDE8-A5F6-46F3-B3C4-F94C28E6093F}.Debug|Any CPU.Build.0 = Debug|Any CPU
		{3A50BDE8-A5F6-46F3-B3C4-F94C28E6093F}.Release|Any CPU.ActiveCfg = Release|Any CPU
		{3A50BDE8-A5F6-46F3-B3C4-F94C28E6093F}.Release|Any CPU.Build.0 = Release|Any CPU
	EndGlobalSection
	GlobalSection(SolutionProperties) = preSolution
		HideSolutionNode = FALSE
	EndGlobalSection
	GlobalSection(ExtensibilityGlobals) = postSolution
		SolutionGuid = {09004ED7-CED9-4477-BE69-509F62BA5EF3}
	EndGlobalSection
EndGlobal
